# This file is automatically @generated by Poetry 1.8.1 and should not be changed by hand.

[[package]]
name = "async-timeout"
version = "4.0.3"
description = "Timeout context manager for asyncio programs"
optional = false
python-versions = ">=3.7"
files = [
    {file = "async-timeout-4.0.3.tar.gz", hash = "sha256:4640d96be84d82d02ed59ea2b7105a0f7b33abe8703703cd0ab0bf87c427522f"},
    {file = "async_timeout-4.0.3-py3-none-any.whl", hash = "sha256:7405140ff1230c310e51dc27b3145b9092d659ce68ff733fb0cefe3ee42be028"},
]

[[package]]
name = "black"
version = "24.3.0"
description = "The uncompromising code formatter."
optional = false
python-versions = ">=3.8"
files = [
    {file = "black-24.3.0-cp310-cp310-macosx_10_9_x86_64.whl", hash = "sha256:7d5e026f8da0322b5662fa7a8e752b3fa2dac1c1cbc213c3d7ff9bdd0ab12395"},
    {file = "black-24.3.0-cp310-cp310-macosx_11_0_arm64.whl", hash = "sha256:9f50ea1132e2189d8dff0115ab75b65590a3e97de1e143795adb4ce317934995"},
    {file = "black-24.3.0-cp310-cp310-manylinux_2_17_x86_64.manylinux2014_x86_64.whl", hash = "sha256:e2af80566f43c85f5797365077fb64a393861a3730bd110971ab7a0c94e873e7"},
    {file = "black-24.3.0-cp310-cp310-win_amd64.whl", hash = "sha256:4be5bb28e090456adfc1255e03967fb67ca846a03be7aadf6249096100ee32d0"},
    {file = "black-24.3.0-cp311-cp311-macosx_10_9_x86_64.whl", hash = "sha256:4f1373a7808a8f135b774039f61d59e4be7eb56b2513d3d2f02a8b9365b8a8a9"},
    {file = "black-24.3.0-cp311-cp311-macosx_11_0_arm64.whl", hash = "sha256:aadf7a02d947936ee418777e0247ea114f78aff0d0959461057cae8a04f20597"},
    {file = "black-24.3.0-cp311-cp311-manylinux_2_17_x86_64.manylinux2014_x86_64.whl", hash = "sha256:65c02e4ea2ae09d16314d30912a58ada9a5c4fdfedf9512d23326128ac08ac3d"},
    {file = "black-24.3.0-cp311-cp311-win_amd64.whl", hash = "sha256:bf21b7b230718a5f08bd32d5e4f1db7fc8788345c8aea1d155fc17852b3410f5"},
    {file = "black-24.3.0-cp312-cp312-macosx_10_9_x86_64.whl", hash = "sha256:2818cf72dfd5d289e48f37ccfa08b460bf469e67fb7c4abb07edc2e9f16fb63f"},
    {file = "black-24.3.0-cp312-cp312-macosx_11_0_arm64.whl", hash = "sha256:4acf672def7eb1725f41f38bf6bf425c8237248bb0804faa3965c036f7672d11"},
    {file = "black-24.3.0-cp312-cp312-manylinux_2_17_x86_64.manylinux2014_x86_64.whl", hash = "sha256:c7ed6668cbbfcd231fa0dc1b137d3e40c04c7f786e626b405c62bcd5db5857e4"},
    {file = "black-24.3.0-cp312-cp312-win_amd64.whl", hash = "sha256:56f52cfbd3dabe2798d76dbdd299faa046a901041faf2cf33288bc4e6dae57b5"},
    {file = "black-24.3.0-cp38-cp38-macosx_10_9_x86_64.whl", hash = "sha256:79dcf34b33e38ed1b17434693763301d7ccbd1c5860674a8f871bd15139e7837"},
    {file = "black-24.3.0-cp38-cp38-macosx_11_0_arm64.whl", hash = "sha256:e19cb1c6365fd6dc38a6eae2dcb691d7d83935c10215aef8e6c38edee3f77abd"},
    {file = "black-24.3.0-cp38-cp38-manylinux_2_17_x86_64.manylinux2014_x86_64.whl", hash = "sha256:65b76c275e4c1c5ce6e9870911384bff5ca31ab63d19c76811cb1fb162678213"},
    {file = "black-24.3.0-cp38-cp38-win_amd64.whl", hash = "sha256:b5991d523eee14756f3c8d5df5231550ae8993e2286b8014e2fdea7156ed0959"},
    {file = "black-24.3.0-cp39-cp39-macosx_10_9_x86_64.whl", hash = "sha256:c45f8dff244b3c431b36e3224b6be4a127c6aca780853574c00faf99258041eb"},
    {file = "black-24.3.0-cp39-cp39-macosx_11_0_arm64.whl", hash = "sha256:6905238a754ceb7788a73f02b45637d820b2f5478b20fec82ea865e4f5d4d9f7"},
    {file = "black-24.3.0-cp39-cp39-manylinux_2_17_x86_64.manylinux2014_x86_64.whl", hash = "sha256:d7de8d330763c66663661a1ffd432274a2f92f07feeddd89ffd085b5744f85e7"},
    {file = "black-24.3.0-cp39-cp39-win_amd64.whl", hash = "sha256:7bb041dca0d784697af4646d3b62ba4a6b028276ae878e53f6b4f74ddd6db99f"},
    {file = "black-24.3.0-py3-none-any.whl", hash = "sha256:41622020d7120e01d377f74249e677039d20e6344ff5851de8a10f11f513bf93"},
    {file = "black-24.3.0.tar.gz", hash = "sha256:a0c9c4a0771afc6919578cec71ce82a3e31e054904e7197deacbc9382671c41f"},
]

[package.dependencies]
click = ">=8.0.0"
mypy-extensions = ">=0.4.3"
packaging = ">=22.0"
pathspec = ">=0.9.0"
platformdirs = ">=2"
tomli = {version = ">=1.1.0", markers = "python_version < \"3.11\""}
typing-extensions = {version = ">=4.0.1", markers = "python_version < \"3.11\""}

[package.extras]
colorama = ["colorama (>=0.4.3)"]
d = ["aiohttp (>=3.7.4)", "aiohttp (>=3.7.4,!=3.9.0)"]
jupyter = ["ipython (>=7.8.0)", "tokenize-rt (>=3.2.0)"]
uvloop = ["uvloop (>=0.15.2)"]

[[package]]
name = "bleak"
version = "0.21.1"
description = "Bluetooth Low Energy platform Agnostic Klient"
optional = false
python-versions = ">=3.8,<3.13"
files = [
    {file = "bleak-0.21.1-py3-none-any.whl", hash = "sha256:ccec260a0f5ec02dd133d68b0351c0151b2ecf3ddd0bcabc4c04a1cdd7f33256"},
    {file = "bleak-0.21.1.tar.gz", hash = "sha256:ec4a1a2772fb315b992cbaa1153070c7e26968a52b0e2727035f443a1af5c18f"},
]

[package.dependencies]
async-timeout = {version = ">=3.0.0,<5", markers = "python_version < \"3.11\""}
bleak-winrt = {version = ">=1.2.0,<2.0.0", markers = "platform_system == \"Windows\" and python_version < \"3.12\""}
dbus-fast = {version = ">=1.83.0,<3", markers = "platform_system == \"Linux\""}
pyobjc-core = {version = ">=9.2,<10.0", markers = "platform_system == \"Darwin\""}
pyobjc-framework-CoreBluetooth = {version = ">=9.2,<10.0", markers = "platform_system == \"Darwin\""}
pyobjc-framework-libdispatch = {version = ">=9.2,<10.0", markers = "platform_system == \"Darwin\""}
typing-extensions = {version = ">=4.7.0", markers = "python_version < \"3.12\""}
"winrt-Windows.Devices.Bluetooth" = {version = "2.0.0b1", markers = "platform_system == \"Windows\" and python_version >= \"3.12\""}
"winrt-Windows.Devices.Bluetooth.Advertisement" = {version = "2.0.0b1", markers = "platform_system == \"Windows\" and python_version >= \"3.12\""}
"winrt-Windows.Devices.Bluetooth.GenericAttributeProfile" = {version = "2.0.0b1", markers = "platform_system == \"Windows\" and python_version >= \"3.12\""}
"winrt-Windows.Devices.Enumeration" = {version = "2.0.0b1", markers = "platform_system == \"Windows\" and python_version >= \"3.12\""}
"winrt-Windows.Foundation" = {version = "2.0.0b1", markers = "platform_system == \"Windows\" and python_version >= \"3.12\""}
"winrt-Windows.Foundation.Collections" = {version = "2.0.0b1", markers = "platform_system == \"Windows\" and python_version >= \"3.12\""}
"winrt-Windows.Storage.Streams" = {version = "2.0.0b1", markers = "platform_system == \"Windows\" and python_version >= \"3.12\""}

[[package]]
name = "bleak-winrt"
version = "1.2.0"
description = "Python WinRT bindings for Bleak"
optional = false
python-versions = "*"
files = [
    {file = "bleak-winrt-1.2.0.tar.gz", hash = "sha256:0577d070251b9354fc6c45ffac57e39341ebb08ead014b1bdbd43e211d2ce1d6"},
    {file = "bleak_winrt-1.2.0-cp310-cp310-win32.whl", hash = "sha256:a2ae3054d6843ae0cfd3b94c83293a1dfd5804393977dd69bde91cb5099fc47c"},
    {file = "bleak_winrt-1.2.0-cp310-cp310-win_amd64.whl", hash = "sha256:677df51dc825c6657b3ae94f00bd09b8ab88422b40d6a7bdbf7972a63bc44e9a"},
    {file = "bleak_winrt-1.2.0-cp311-cp311-win32.whl", hash = "sha256:9449cdb942f22c9892bc1ada99e2ccce9bea8a8af1493e81fefb6de2cb3a7b80"},
    {file = "bleak_winrt-1.2.0-cp311-cp311-win_amd64.whl", hash = "sha256:98c1b5a6a6c431ac7f76aa4285b752fe14a1c626bd8a1dfa56f66173ff120bee"},
    {file = "bleak_winrt-1.2.0-cp37-cp37m-win32.whl", hash = "sha256:623ac511696e1f58d83cb9c431e32f613395f2199b3db7f125a3d872cab968a4"},
    {file = "bleak_winrt-1.2.0-cp37-cp37m-win_amd64.whl", hash = "sha256:13ab06dec55469cf51a2c187be7b630a7a2922e1ea9ac1998135974a7239b1e3"},
    {file = "bleak_winrt-1.2.0-cp38-cp38-win32.whl", hash = "sha256:5a36ff8cd53068c01a795a75d2c13054ddc5f99ce6de62c1a97cd343fc4d0727"},
    {file = "bleak_winrt-1.2.0-cp38-cp38-win_amd64.whl", hash = "sha256:810c00726653a962256b7acd8edf81ab9e4a3c66e936a342ce4aec7dbd3a7263"},
    {file = "bleak_winrt-1.2.0-cp39-cp39-win32.whl", hash = "sha256:dd740047a08925bde54bec357391fcee595d7b8ca0c74c87170a5cbc3f97aa0a"},
    {file = "bleak_winrt-1.2.0-cp39-cp39-win_amd64.whl", hash = "sha256:63130c11acfe75c504a79c01f9919e87f009f5e742bfc7b7a5c2a9c72bf591a7"},
]

[[package]]
name = "click"
version = "8.1.7"
description = "Composable command line interface toolkit"
optional = false
python-versions = ">=3.7"
files = [
    {file = "click-8.1.7-py3-none-any.whl", hash = "sha256:ae74fb96c20a0277a1d615f1e4d73c8414f5a98db8b799a7931d1582f3390c28"},
    {file = "click-8.1.7.tar.gz", hash = "sha256:ca9853ad459e787e2192211578cc907e7594e294c7ccc834310722b41b9ca6de"},
]

[package.dependencies]
colorama = {version = "*", markers = "platform_system == \"Windows\""}

[[package]]
name = "colorama"
version = "0.4.6"
description = "Cross-platform colored terminal text."
optional = false
python-versions = "!=3.0.*,!=3.1.*,!=3.2.*,!=3.3.*,!=3.4.*,!=3.5.*,!=3.6.*,>=2.7"
files = [
    {file = "colorama-0.4.6-py2.py3-none-any.whl", hash = "sha256:4f1d9991f5acc0ca119f9d443620b77f9d6b33703e51011c16baf57afb285fc6"},
    {file = "colorama-0.4.6.tar.gz", hash = "sha256:08695f5cb7ed6e0531a20572697297273c47b8cae5a63ffc6d6ed5c201be6e44"},
]

[[package]]
name = "dbus-fast"
version = "2.21.1"
description = "A faster version of dbus-next"
optional = false
python-versions = ">=3.7,<4.0"
files = [
    {file = "dbus_fast-2.21.1-cp310-cp310-manylinux_2_17_i686.manylinux_2_5_i686.manylinux1_i686.manylinux2014_i686.whl", hash = "sha256:b04b88be594dad81b33f6770283eed2125763632515c5112f8aa30f259cd334c"},
    {file = "dbus_fast-2.21.1-cp310-cp310-manylinux_2_17_x86_64.manylinux2014_x86_64.whl", hash = "sha256:7333896544a4d0a3d708bd092f8c05eb3599dc2b34ae6e4c4b44d04d5514b0ec"},
    {file = "dbus_fast-2.21.1-cp310-cp310-manylinux_2_31_x86_64.whl", hash = "sha256:4591e0962c272d42d305ab3fb8889f13d47255e412fd3b9839620836662c91fe"},
    {file = "dbus_fast-2.21.1-cp310-cp310-musllinux_1_1_i686.whl", hash = "sha256:52641305461660c8969c6bb12364206a108c5c9e014c9220c70b99c4f48b6750"},
    {file = "dbus_fast-2.21.1-cp310-cp310-musllinux_1_1_x86_64.whl", hash = "sha256:237db4ab0b90e5284ea7659264630d693273cdbda323a40368f320869bf6470f"},
    {file = "dbus_fast-2.21.1-cp311-cp311-manylinux_2_17_i686.manylinux_2_5_i686.manylinux1_i686.manylinux2014_i686.whl", hash = "sha256:999fed45cb391126107b804be0e344e75556fceaee4cc30a0ca06d77309bdf3c"},
    {file = "dbus_fast-2.21.1-cp311-cp311-manylinux_2_17_x86_64.manylinux2014_x86_64.whl", hash = "sha256:e2309b9cafba799e9d343fdfdd5ae46276adf3929fef60f296f23b97ed1aa2f6"},
    {file = "dbus_fast-2.21.1-cp311-cp311-musllinux_1_1_i686.whl", hash = "sha256:b7d1f35218549762e52a782c0b548e0681332beee773d3dfffe2efc38b2ee960"},
    {file = "dbus_fast-2.21.1-cp311-cp311-musllinux_1_1_x86_64.whl", hash = "sha256:47aa28520fe274414b655c74cbe2e91d8b76e22f40cd41a758bb6975e526827b"},
    {file = "dbus_fast-2.21.1-cp312-cp312-manylinux_2_17_i686.manylinux_2_5_i686.manylinux1_i686.manylinux2014_i686.whl", hash = "sha256:0ff6c72bcd6539d798015bda33c7ce35c7de76276b9bd45e48db13672713521a"},
    {file = "dbus_fast-2.21.1-cp312-cp312-manylinux_2_17_x86_64.manylinux2014_x86_64.whl", hash = "sha256:36d8cd43b3799e766158f1bb0b27cc4eef685fd892417b0382b7fdfdd94f1e6c"},
    {file = "dbus_fast-2.21.1-cp312-cp312-musllinux_1_1_i686.whl", hash = "sha256:d4da8d58064f0a3dd07bfc283ba912b9d5a4cb38f1c0fcd9ecb2b9d43111243c"},
    {file = "dbus_fast-2.21.1-cp312-cp312-musllinux_1_1_x86_64.whl", hash = "sha256:66e160f496ac79248feb09a0acf4aab5d139d823330cbd9377f6e19ae007330a"},
    {file = "dbus_fast-2.21.1-cp37-cp37m-manylinux_2_17_i686.manylinux_2_5_i686.manylinux1_i686.manylinux2014_i686.whl", hash = "sha256:670b5c4d78c9c2d25e7ba650d212d98bf24d40292f91fe4e2f3ad4f80dc6d7e5"},
    {file = "dbus_fast-2.21.1-cp37-cp37m-manylinux_2_17_x86_64.manylinux2014_x86_64.whl", hash = "sha256:15d62adfab7c6f4a491085f53f9634d24745ca5a2772549945b7e2de27c0d534"},
    {file = "dbus_fast-2.21.1-cp37-cp37m-musllinux_1_1_i686.whl", hash = "sha256:54e8771e31ee1deb01feef2475c12123cab770c371ecc97af98eb6ca10a2858e"},
    {file = "dbus_fast-2.21.1-cp37-cp37m-musllinux_1_1_x86_64.whl", hash = "sha256:2db4d0d60a891a8b20a4c6de68a088efe73b29ab4a5949fe6aad2713c131e174"},
    {file = "dbus_fast-2.21.1-cp38-cp38-manylinux_2_17_i686.manylinux_2_5_i686.manylinux1_i686.manylinux2014_i686.whl", hash = "sha256:65e76b20099c33352d5e7734a219982858873cf66fe510951d9bd27cb690190f"},
    {file = "dbus_fast-2.21.1-cp38-cp38-manylinux_2_17_x86_64.manylinux2014_x86_64.whl", hash = "sha256:927f294b1dc7cea9372ef8c7c46ebeb5c7e6c1c7345358f952e7499bdbdf7eb4"},
    {file = "dbus_fast-2.21.1-cp38-cp38-musllinux_1_1_i686.whl", hash = "sha256:9e9a43ea42b8a9f2c62ca50ce05582de7b4f1f7eb27091f904578c29124af246"},
    {file = "dbus_fast-2.21.1-cp38-cp38-musllinux_1_1_x86_64.whl", hash = "sha256:78c84ecf19459571784fd6a8ad8b3e9006cf96c3282e8220bc49098866ef4cc7"},
    {file = "dbus_fast-2.21.1-cp39-cp39-manylinux_2_17_i686.manylinux_2_5_i686.manylinux1_i686.manylinux2014_i686.whl", hash = "sha256:a5b3895ea12c4e636dfaacf75fa5bd1e8450b2ffb97507520991eaf1989d102e"},
    {file = "dbus_fast-2.21.1-cp39-cp39-manylinux_2_17_x86_64.manylinux2014_x86_64.whl", hash = "sha256:85be33bb04e918833ac6f28f68f83a1e83425eb6e08b9c482cc3318820dfd55f"},
    {file = "dbus_fast-2.21.1-cp39-cp39-musllinux_1_1_i686.whl", hash = "sha256:13ab6a0f64d345cb42c489239962261f724bd441458bef245b39828ed94ea6f4"},
    {file = "dbus_fast-2.21.1-cp39-cp39-musllinux_1_1_x86_64.whl", hash = "sha256:c585e7a94bb723a70b4966677b882be8bda324cc41bd129765e3ceab428889bb"},
    {file = "dbus_fast-2.21.1-pp310-pypy310_pp73-manylinux_2_17_i686.manylinux_2_5_i686.manylinux1_i686.manylinux2014_i686.whl", hash = "sha256:62331ee3871f6881f517ca65ae185fb2462a0bf2fe78acc4a4d621fc4da08396"},
    {file = "dbus_fast-2.21.1-pp310-pypy310_pp73-manylinux_2_17_x86_64.manylinux_2_5_x86_64.manylinux1_x86_64.manylinux2014_x86_64.whl", hash = "sha256:cbfd6892fa092cbd6f52edcb24797af62fba8baa50995db856b0a342184c850d"},
    {file = "dbus_fast-2.21.1-pp37-pypy37_pp73-manylinux_2_17_i686.manylinux_2_5_i686.manylinux1_i686.manylinux2014_i686.whl", hash = "sha256:a999e35628988ad4f81af36192cd592b8fd1e72e1bbc76a64d80808e6f4b9540"},
    {file = "dbus_fast-2.21.1-pp37-pypy37_pp73-manylinux_2_17_x86_64.manylinux2014_x86_64.whl", hash = "sha256:9cae9a6b9bb54f3f89424fdd960b60ac53239b9e5d4a5d9a598d222fbf8d3173"},
    {file = "dbus_fast-2.21.1-pp38-pypy38_pp73-manylinux_2_17_i686.manylinux_2_5_i686.manylinux1_i686.manylinux2014_i686.whl", hash = "sha256:39a3f3662391b49553bf9d9d2e9a6cb31e0d7d337557ee0c0be5c558a3c7d230"},
    {file = "dbus_fast-2.21.1-pp38-pypy38_pp73-manylinux_2_17_x86_64.manylinux_2_5_x86_64.manylinux1_x86_64.manylinux2014_x86_64.whl", hash = "sha256:ffc2b6beb212d0d231816dcb7bd8bcdafccd04750ba8f5e915f40ad312f5adf2"},
    {file = "dbus_fast-2.21.1-pp39-pypy39_pp73-manylinux_2_17_i686.manylinux_2_5_i686.manylinux1_i686.manylinux2014_i686.whl", hash = "sha256:c938eb7130067ca3b74b248ee376228776d8f013a206ae78e6fc644c9db0f4f5"},
    {file = "dbus_fast-2.21.1-pp39-pypy39_pp73-manylinux_2_17_x86_64.manylinux_2_5_x86_64.manylinux1_x86_64.manylinux2014_x86_64.whl", hash = "sha256:8fae9609d972f0c2b72017796a8140b8a6fb842426f0aed4f43f0fa7d780a16f"},
    {file = "dbus_fast-2.21.1.tar.gz", hash = "sha256:87b852d2005f1d59399ca51c5f3538f28a4742d739d7abe82b7ae8d01d8a5d02"},
]

[[package]]
name = "markdown-it-py"
version = "3.0.0"
description = "Python port of markdown-it. Markdown parsing, done right!"
optional = false
python-versions = ">=3.8"
files = [
    {file = "markdown-it-py-3.0.0.tar.gz", hash = "sha256:e3f60a94fa066dc52ec76661e37c851cb232d92f9886b15cb560aaada2df8feb"},
    {file = "markdown_it_py-3.0.0-py3-none-any.whl", hash = "sha256:355216845c60bd96232cd8d8c40e8f9765cc86f46880e43a8fd22dc1a1a8cab1"},
]

[package.dependencies]
mdurl = ">=0.1,<1.0"

[package.extras]
benchmarking = ["psutil", "pytest", "pytest-benchmark"]
code-style = ["pre-commit (>=3.0,<4.0)"]
compare = ["commonmark (>=0.9,<1.0)", "markdown (>=3.4,<4.0)", "mistletoe (>=1.0,<2.0)", "mistune (>=2.0,<3.0)", "panflute (>=2.3,<3.0)"]
linkify = ["linkify-it-py (>=1,<3)"]
plugins = ["mdit-py-plugins"]
profiling = ["gprof2dot"]
rtd = ["jupyter_sphinx", "mdit-py-plugins", "myst-parser", "pyyaml", "sphinx", "sphinx-copybutton", "sphinx-design", "sphinx_book_theme"]
testing = ["coverage", "pytest", "pytest-cov", "pytest-regressions"]

[[package]]
name = "mdurl"
version = "0.1.2"
description = "Markdown URL utilities"
optional = false
python-versions = ">=3.7"
files = [
    {file = "mdurl-0.1.2-py3-none-any.whl", hash = "sha256:84008a41e51615a49fc9966191ff91509e3c40b939176e643fd50a5c2196b8f8"},
    {file = "mdurl-0.1.2.tar.gz", hash = "sha256:bb413d29f5eea38f31dd4754dd7377d4465116fb207585f97bf925588687c1ba"},
]

[[package]]
name = "mypy-extensions"
version = "1.0.0"
description = "Type system extensions for programs checked with the mypy type checker."
optional = false
python-versions = ">=3.5"
files = [
    {file = "mypy_extensions-1.0.0-py3-none-any.whl", hash = "sha256:4392f6c0eb8a5668a69e23d168ffa70f0be9ccfd32b5cc2d26a34ae5b844552d"},
    {file = "mypy_extensions-1.0.0.tar.gz", hash = "sha256:75dbf8955dc00442a438fc4d0666508a9a97b6bd41aa2f0ffe9d2f2725af0782"},
]

[[package]]
name = "packaging"
version = "24.0"
description = "Core utilities for Python packages"
optional = false
python-versions = ">=3.7"
files = [
    {file = "packaging-24.0-py3-none-any.whl", hash = "sha256:2ddfb553fdf02fb784c234c7ba6ccc288296ceabec964ad2eae3777778130bc5"},
    {file = "packaging-24.0.tar.gz", hash = "sha256:eb82c5e3e56209074766e6885bb04b8c38a0c015d0a30036ebe7ece34c9989e9"},
]

[[package]]
name = "pathspec"
version = "0.12.1"
description = "Utility library for gitignore style pattern matching of file paths."
optional = false
python-versions = ">=3.8"
files = [
    {file = "pathspec-0.12.1-py3-none-any.whl", hash = "sha256:a0d503e138a4c123b27490a4f7beda6a01c6f288df0e4a8b79c7eb0dc7b4cc08"},
    {file = "pathspec-0.12.1.tar.gz", hash = "sha256:a482d51503a1ab33b1c67a6c3813a26953dbdc71c31dacaef9a838c4e29f5712"},
]

[[package]]
name = "platformdirs"
version = "4.2.0"
description = "A small Python package for determining appropriate platform-specific dirs, e.g. a \"user data dir\"."
optional = false
python-versions = ">=3.8"
files = [
    {file = "platformdirs-4.2.0-py3-none-any.whl", hash = "sha256:0614df2a2f37e1a662acbd8e2b25b92ccf8632929bc6d43467e17fe89c75e068"},
    {file = "platformdirs-4.2.0.tar.gz", hash = "sha256:ef0cc731df711022c174543cb70a9b5bd22e5a9337c8624ef2c2ceb8ddad8768"},
]

[package.extras]
docs = ["furo (>=2023.9.10)", "proselint (>=0.13)", "sphinx (>=7.2.6)", "sphinx-autodoc-typehints (>=1.25.2)"]
test = ["appdirs (==1.4.4)", "covdefaults (>=2.3)", "pytest (>=7.4.3)", "pytest-cov (>=4.1)", "pytest-mock (>=3.12)"]

[[package]]
name = "pygments"
version = "2.17.2"
description = "Pygments is a syntax highlighting package written in Python."
optional = false
python-versions = ">=3.7"
files = [
    {file = "pygments-2.17.2-py3-none-any.whl", hash = "sha256:b27c2826c47d0f3219f29554824c30c5e8945175d888647acd804ddd04af846c"},
    {file = "pygments-2.17.2.tar.gz", hash = "sha256:da46cec9fd2de5be3a8a784f434e4c4ab670b4ff54d605c4c2717e9d49c4c367"},
]

[package.extras]
plugins = ["importlib-metadata"]
windows-terminal = ["colorama (>=0.4.6)"]

[[package]]
name = "pyobjc-core"
version = "9.2"
description = "Python<->ObjC Interoperability Module"
optional = false
python-versions = ">=3.7"
files = [
    {file = "pyobjc-core-9.2.tar.gz", hash = "sha256:d734b9291fec91ff4e3ae38b9c6839debf02b79c07314476e87da8e90b2c68c3"},
    {file = "pyobjc_core-9.2-cp310-cp310-macosx_10_9_universal2.whl", hash = "sha256:fa674a39949f5cde8e5c7bbcd24496446bfc67592b028aedbec7f81dc5fc4daa"},
    {file = "pyobjc_core-9.2-cp311-cp311-macosx_10_9_universal2.whl", hash = "sha256:bbc8de304ee322a1ee530b4d2daca135a49b4a49aa3cedc6b2c26c43885f4842"},
    {file = "pyobjc_core-9.2-cp312-cp312-macosx_10_9_universal2.whl", hash = "sha256:0fa950f092673883b8bd28bc18397415cabb457bf410920762109b411789ade9"},
    {file = "pyobjc_core-9.2-cp37-cp37m-macosx_10_9_x86_64.whl", hash = "sha256:586e4cae966282eaa61b21cae66ccdcee9d69c036979def26eebdc08ddebe20f"},
    {file = "pyobjc_core-9.2-cp38-cp38-macosx_10_9_x86_64.whl", hash = "sha256:41189c2c680931c0395a55691763c481fc681f454f21bb4f1644f98c24a45954"},
    {file = "pyobjc_core-9.2-cp38-cp38-macosx_11_0_universal2.whl", hash = "sha256:2d23ee539f2ba5e9f5653d75a13f575c7e36586fc0086792739e69e4c2617eda"},
    {file = "pyobjc_core-9.2-cp39-cp39-macosx_10_9_universal2.whl", hash = "sha256:b9809cf96678797acb72a758f34932fe8e2602d5ab7abec15c5ac68ddb481720"},
]

[[package]]
name = "pyobjc-framework-cocoa"
version = "9.2"
description = "Wrappers for the Cocoa frameworks on macOS"
optional = false
python-versions = ">=3.7"
files = [
    {file = "pyobjc-framework-Cocoa-9.2.tar.gz", hash = "sha256:efd78080872d8c8de6c2b97e0e4eac99d6203a5d1637aa135d071d464eb2db53"},
    {file = "pyobjc_framework_Cocoa-9.2-cp310-cp310-macosx_10_9_universal2.whl", hash = "sha256:9e02d8a7cc4eb7685377c50ba4f17345701acf4c05b1e7480d421bff9e2f62a4"},
    {file = "pyobjc_framework_Cocoa-9.2-cp311-cp311-macosx_10_9_universal2.whl", hash = "sha256:3b1e6287b3149e4c6679cdbccd8e9ef6557a4e492a892e80a77df143f40026d2"},
    {file = "pyobjc_framework_Cocoa-9.2-cp312-cp312-macosx_10_9_universal2.whl", hash = "sha256:312977ce2e3989073c6b324c69ba24283de206fe7acd6dbbbaf3e29238a22537"},
    {file = "pyobjc_framework_Cocoa-9.2-cp37-cp37m-macosx_10_9_x86_64.whl", hash = "sha256:aae7841cf40c26dd915f4dd828f91c6616e6b7998630b72e704750c09e00f334"},
    {file = "pyobjc_framework_Cocoa-9.2-cp38-cp38-macosx_10_9_x86_64.whl", hash = "sha256:739a421e14382a46cbeb9a883f192dceff368ad28ec34d895c48c0ad34cf2c1d"},
    {file = "pyobjc_framework_Cocoa-9.2-cp38-cp38-macosx_11_0_universal2.whl", hash = "sha256:32d9ac1033fac1b821ddee8c68f972a7074ad8c50bec0bea9a719034c1c2fb94"},
    {file = "pyobjc_framework_Cocoa-9.2-cp39-cp39-macosx_10_9_universal2.whl", hash = "sha256:b236bb965e41aeb2e215d4e98a5a230d4b63252c6d26e00924ea2e69540a59d6"},
]

[package.dependencies]
pyobjc-core = ">=9.2"

[[package]]
name = "pyobjc-framework-corebluetooth"
version = "9.2"
description = "Wrappers for the framework CoreBluetooth on macOS"
optional = false
python-versions = ">=3.7"
files = [
    {file = "pyobjc-framework-CoreBluetooth-9.2.tar.gz", hash = "sha256:cb2481b1dfe211ae9ce55f36537dc8155dbf0dc8ff26e0bc2e13f7afb0a291d1"},
    {file = "pyobjc_framework_CoreBluetooth-9.2-cp36-abi3-macosx_10_9_universal2.whl", hash = "sha256:53d888742119d0f0c725d0b0c2389f68e8f21f0cba6d6aec288c53260a0196b6"},
    {file = "pyobjc_framework_CoreBluetooth-9.2-cp36-abi3-macosx_10_9_x86_64.whl", hash = "sha256:179532882126526e38fe716a50fb0ee8f440e0b838d290252c515e622b5d0e49"},
    {file = "pyobjc_framework_CoreBluetooth-9.2-cp36-abi3-macosx_11_0_universal2.whl", hash = "sha256:256a5031ea9d8a7406541fa1b0dfac549b1de93deae8284605f9355b13fb58be"},
]

[package.dependencies]
pyobjc-core = ">=9.2"
pyobjc-framework-Cocoa = ">=9.2"

[[package]]
name = "pyobjc-framework-libdispatch"
version = "9.2"
description = "Wrappers for libdispatch on macOS"
optional = false
python-versions = ">=3.7"
files = [
    {file = "pyobjc-framework-libdispatch-9.2.tar.gz", hash = "sha256:542e7f7c2b041939db5ed6f3119c1d67d73ec14a996278b92485f8513039c168"},
    {file = "pyobjc_framework_libdispatch-9.2-cp310-cp310-macosx_10_9_universal2.whl", hash = "sha256:88d4091d4bcb5702783d6e86b4107db973425a17d1de491543f56bd348909b60"},
    {file = "pyobjc_framework_libdispatch-9.2-cp311-cp311-macosx_10_9_universal2.whl", hash = "sha256:1a67b007113328538b57893cc7829a722270764cdbeae6d5e1460a1d911314df"},
    {file = "pyobjc_framework_libdispatch-9.2-cp312-cp312-macosx_10_9_universal2.whl", hash = "sha256:6fccea1a57436cf1ac50d9ebc6e3e725bcf77f829ba6b118e62e6ed7866d359d"},
    {file = "pyobjc_framework_libdispatch-9.2-cp37-cp37m-macosx_10_9_x86_64.whl", hash = "sha256:6eba747b7ad91b0463265a7aee59235bb051fb97687f35ca2233690369b5e4e4"},
    {file = "pyobjc_framework_libdispatch-9.2-cp38-cp38-macosx_10_9_x86_64.whl", hash = "sha256:2e835495860d04f63c2d2f73ae3dd79da4222864c107096dc0f99e8382700026"},
    {file = "pyobjc_framework_libdispatch-9.2-cp38-cp38-macosx_11_0_universal2.whl", hash = "sha256:1b107e5c3580b09553030961ea6b17abad4a5132101eab1af3ad2cb36d0f08bb"},
    {file = "pyobjc_framework_libdispatch-9.2-cp39-cp39-macosx_10_9_universal2.whl", hash = "sha256:83cdb672acf722717b5ecf004768f215f02ac02d7f7f2a9703da6e921ab02222"},
]

[package.dependencies]
pyobjc-core = ">=9.2"

[[package]]
name = "pyotp"
version = "2.9.0"
description = "Python One Time Password Library"
optional = false
python-versions = ">=3.7"
files = [
    {file = "pyotp-2.9.0-py3-none-any.whl", hash = "sha256:81c2e5865b8ac55e825b0358e496e1d9387c811e85bb40e71a3b29b288963612"},
    {file = "pyotp-2.9.0.tar.gz", hash = "sha256:346b6642e0dbdde3b4ff5a930b664ca82abfa116356ed48cc42c7d6590d36f63"},
]

[package.extras]
test = ["coverage", "mypy", "ruff", "wheel"]

[[package]]
name = "rich"
version = "13.7.1"
description = "Render rich text, tables, progress bars, syntax highlighting, markdown and more to the terminal"
optional = false
python-versions = ">=3.7.0"
files = [
    {file = "rich-13.7.1-py3-none-any.whl", hash = "sha256:4edbae314f59eb482f54e9e30bf00d33350aaa94f4bfcd4e9e3110e64d0d7222"},
    {file = "rich-13.7.1.tar.gz", hash = "sha256:9be308cb1fe2f1f57d67ce99e95af38a1e2bc71ad9813b0e247cf7ffbcc3a432"},
]

[package.dependencies]
markdown-it-py = ">=2.2.0"
pygments = ">=2.13.0,<3.0.0"

[package.extras]
jupyter = ["ipywidgets (>=7.5.1,<9)"]

[[package]]
name = "rich-click"
version = "1.7.4"
description = "Format click help output nicely with rich"
optional = false
python-versions = ">=3.7"
files = [
    {file = "rich-click-1.7.4.tar.gz", hash = "sha256:7ce5de8e4dc0333aec946113529b3eeb349f2e5d2fafee96b9edf8ee36a01395"},
    {file = "rich_click-1.7.4-py3-none-any.whl", hash = "sha256:e363655475c60fec5a3e16a1eb618118ed79e666c365a36006b107c17c93ac4e"},
]

[package.dependencies]
click = ">=7"
rich = ">=10.7.0"
typing-extensions = "*"

[package.extras]
dev = ["flake8", "flake8-docstrings", "mypy", "packaging", "pre-commit", "pytest", "pytest-cov", "types-setuptools"]

[[package]]
name = "tomli"
version = "2.0.1"
description = "A lil' TOML parser"
optional = false
python-versions = ">=3.7"
files = [
    {file = "tomli-2.0.1-py3-none-any.whl", hash = "sha256:939de3e7a6161af0c887ef91b7d41a53e7c5a1ca976325f429cb46ea9bc30ecc"},
    {file = "tomli-2.0.1.tar.gz", hash = "sha256:de526c12914f0c550d15924c62d72abc48d6fe7364aa87328337a31007fe8a4f"},
]

[[package]]
name = "typing-extensions"
version = "4.10.0"
description = "Backported and Experimental Type Hints for Python 3.8+"
optional = false
python-versions = ">=3.8"
files = [
    {file = "typing_extensions-4.10.0-py3-none-any.whl", hash = "sha256:69b1a937c3a517342112fb4c6df7e72fc39a38e7891a5730ed4985b5214b5475"},
    {file = "typing_extensions-4.10.0.tar.gz", hash = "sha256:b0abd7c89e8fb96f98db18d86106ff1d90ab692004eb746cf6eda2682f91b3cb"},
]

[[package]]
name = "winrt-runtime"
version = "2.0.0b1"
description = "Python projection of Windows Runtime (WinRT) APIs"
optional = false
python-versions = "<3.13,>=3.9"
files = [
    {file = "winrt-runtime-2.0.0b1.tar.gz", hash = "sha256:28db2ebe7bfb347d110224e9f23fe8079cea45af0fcbd643d039524ced07d22c"},
    {file = "winrt_runtime-2.0.0b1-cp310-cp310-win32.whl", hash = "sha256:8f812b01e2c8dd3ca68aa51a7aa02e815cc2ac3c8520a883b4ec7a4fc63afb04"},
    {file = "winrt_runtime-2.0.0b1-cp310-cp310-win_amd64.whl", hash = "sha256:f36f6102f9b7a08d917a6809117c085639b66be2c579f4089d3fd47b83e8f87b"},
    {file = "winrt_runtime-2.0.0b1-cp310-cp310-win_arm64.whl", hash = "sha256:4a99f267da96edc977623355b816b46c1344c66dc34732857084417d8cf9a96b"},
    {file = "winrt_runtime-2.0.0b1-cp311-cp311-win32.whl", hash = "sha256:ba998e3fc452338c5e2d7bf5174a6206580245066d60079ee4130082d0eb61c2"},
    {file = "winrt_runtime-2.0.0b1-cp311-cp311-win_amd64.whl", hash = "sha256:e7838f0fdf5653ce245888590214177a1f54884cece2c8dfbfe3d01b2780171e"},
    {file = "winrt_runtime-2.0.0b1-cp311-cp311-win_arm64.whl", hash = "sha256:2afa45b7385e99a63d55ccda29096e6a84fcd4c654479005c147b0e65e274abf"},
    {file = "winrt_runtime-2.0.0b1-cp312-cp312-win32.whl", hash = "sha256:edda124ff965cec3a6bfdb26fbe88e004f96975dd84115176e30c1efbcb16f4c"},
    {file = "winrt_runtime-2.0.0b1-cp312-cp312-win_amd64.whl", hash = "sha256:d8935951efeec6b3d546dce8f48bb203aface57a1ba991c066f0e12e84c8f91e"},
    {file = "winrt_runtime-2.0.0b1-cp312-cp312-win_arm64.whl", hash = "sha256:509fb9a03af5e1125433f58522725716ceef040050d33625460b5a5eb98a46ac"},
    {file = "winrt_runtime-2.0.0b1-cp39-cp39-win32.whl", hash = "sha256:41138fe4642345d7143e817ce0905d82e60b3832558143e0a17bfea8654c6512"},
    {file = "winrt_runtime-2.0.0b1-cp39-cp39-win_amd64.whl", hash = "sha256:081a429fe85c33cb6610c4a799184b7650b30f15ab1d89866f2bda246d3a5c0a"},
    {file = "winrt_runtime-2.0.0b1-cp39-cp39-win_arm64.whl", hash = "sha256:e6984604c6ae1f3258973ba2503d1ea5aa15e536ca41d6a131ad305ebbb6519d"},
]

[[package]]
name = "winrt-windows-devices-bluetooth"
version = "2.0.0b1"
description = "Python projection of Windows Runtime (WinRT) APIs"
optional = false
python-versions = "<3.13,>=3.9"
files = [
    {file = "winrt-Windows.Devices.Bluetooth-2.0.0b1.tar.gz", hash = "sha256:786bd43786b873a083b89debece538974f720584662a2573d6a8a8501a532860"},
    {file = "winrt_Windows.Devices.Bluetooth-2.0.0b1-cp310-cp310-win32.whl", hash = "sha256:79631bf3f96954da260859df9228a028835ffade0d885ba3942c5a86a853d150"},
    {file = "winrt_Windows.Devices.Bluetooth-2.0.0b1-cp310-cp310-win_amd64.whl", hash = "sha256:cd85337a95065d0d2045c06db1a5edd4a447aad47cf7027818f6fb69f831c56c"},
    {file = "winrt_Windows.Devices.Bluetooth-2.0.0b1-cp310-cp310-win_arm64.whl", hash = "sha256:6a963869ed003d260e90e9bedc334129303f263f068ea1c0d994df53317db2bc"},
    {file = "winrt_Windows.Devices.Bluetooth-2.0.0b1-cp311-cp311-win32.whl", hash = "sha256:7c5951943a3911d94a8da190f4355dc70128d7d7f696209316372c834b34d462"},
    {file = "winrt_Windows.Devices.Bluetooth-2.0.0b1-cp311-cp311-win_amd64.whl", hash = "sha256:b0bb154ae92235649ed234982f609c490a467d5049c27d63397be9abbb00730e"},
    {file = "winrt_Windows.Devices.Bluetooth-2.0.0b1-cp311-cp311-win_arm64.whl", hash = "sha256:6688dfb0fc3b7dc517bf8cf40ae00544a50b4dec91470d37be38fc33c4523632"},
    {file = "winrt_Windows.Devices.Bluetooth-2.0.0b1-cp312-cp312-win32.whl", hash = "sha256:613c6ff4125df46189b3bef6d3110d94ec725d357ab734f00eedb11c4116c367"},
    {file = "winrt_Windows.Devices.Bluetooth-2.0.0b1-cp312-cp312-win_amd64.whl", hash = "sha256:59c403b64e9f4e417599c6f6aea6ee6fac960597c21eac6b3fd8a84f64aa387c"},
    {file = "winrt_Windows.Devices.Bluetooth-2.0.0b1-cp312-cp312-win_arm64.whl", hash = "sha256:b7f6e1b9bb6e33be80045adebd252cf25cd648759fad6e86c61a393ddd709f7f"},
    {file = "winrt_Windows.Devices.Bluetooth-2.0.0b1-cp39-cp39-win32.whl", hash = "sha256:eae7a89106eab047e96843e28c3c6ce0886dd7dee60180a1010498925e9503f9"},
    {file = "winrt_Windows.Devices.Bluetooth-2.0.0b1-cp39-cp39-win_amd64.whl", hash = "sha256:8dfd1915c894ac19dd0b24aba38ef676c92c3473c0d9826762ba9616ad7df68b"},
    {file = "winrt_Windows.Devices.Bluetooth-2.0.0b1-cp39-cp39-win_arm64.whl", hash = "sha256:49058587e6d82ba33da0767b97a378ddfea8e3a5991bdeff680faa287bfae57e"},
]

[package.dependencies]
winrt-runtime = "2.0.0-beta.1"

[package.extras]
all = ["winrt-Windows.Devices.Bluetooth.GenericAttributeProfile[all] (==2.0.0-beta.1)", "winrt-Windows.Devices.Bluetooth.Rfcomm[all] (==2.0.0-beta.1)", "winrt-Windows.Devices.Enumeration[all] (==2.0.0-beta.1)", "winrt-Windows.Devices.Radios[all] (==2.0.0-beta.1)", "winrt-Windows.Foundation.Collections[all] (==2.0.0-beta.1)", "winrt-Windows.Foundation[all] (==2.0.0-beta.1)", "winrt-Windows.Networking[all] (==2.0.0-beta.1)", "winrt-Windows.Storage.Streams[all] (==2.0.0-beta.1)"]

[[package]]
name = "winrt-windows-devices-bluetooth-advertisement"
version = "2.0.0b1"
description = "Python projection of Windows Runtime (WinRT) APIs"
optional = false
python-versions = "<3.13,>=3.9"
files = [
    {file = "winrt-Windows.Devices.Bluetooth.Advertisement-2.0.0b1.tar.gz", hash = "sha256:d9050faa4377d410d4f0e9cabb5ec555a267531c9747370555ac9ec93ec9f399"},
    {file = "winrt_Windows.Devices.Bluetooth.Advertisement-2.0.0b1-cp310-cp310-win32.whl", hash = "sha256:ac9b703d16adc87c3541585525b8fcf6d84391e2fa010c2f001e714c405cc3b7"},
    {file = "winrt_Windows.Devices.Bluetooth.Advertisement-2.0.0b1-cp310-cp310-win_amd64.whl", hash = "sha256:593cade7853a8b0770e8ef30462b5d5f477b82e17e0aa590094b1c26efd3e05a"},
    {file = "winrt_Windows.Devices.Bluetooth.Advertisement-2.0.0b1-cp310-cp310-win_arm64.whl", hash = "sha256:574698c08895e2cfee7379bdf34a5f319fe440d7dfcc7bc9858f457c08e9712c"},
    {file = "winrt_Windows.Devices.Bluetooth.Advertisement-2.0.0b1-cp311-cp311-win32.whl", hash = "sha256:652a096f8210036bbb539d7f971eaf1f472a3aeb60b7e31278e3d0d30a355292"},
    {file = "winrt_Windows.Devices.Bluetooth.Advertisement-2.0.0b1-cp311-cp311-win_amd64.whl", hash = "sha256:e5cfb866c44dad644fb44b441f4fdbddafc9564075f1f68f756e20f438105c67"},
    {file = "winrt_Windows.Devices.Bluetooth.Advertisement-2.0.0b1-cp311-cp311-win_arm64.whl", hash = "sha256:6c2503eaaf5cd988b5510b86347dba45ad6ee52656f9656a1a97abae6d35386e"},
    {file = "winrt_Windows.Devices.Bluetooth.Advertisement-2.0.0b1-cp312-cp312-win32.whl", hash = "sha256:780c766725a55f4211f921c773c92c2331803e70f65d6ad6676a60f903d39a54"},
    {file = "winrt_Windows.Devices.Bluetooth.Advertisement-2.0.0b1-cp312-cp312-win_amd64.whl", hash = "sha256:39c8633d01039eb2c2f6f20cfc43c045a333b9f3a45229e2ce443f71bb2a562c"},
    {file = "winrt_Windows.Devices.Bluetooth.Advertisement-2.0.0b1-cp312-cp312-win_arm64.whl", hash = "sha256:eaa0d44b4158b16937eac8102249e792f0299dbb0aefc56cc9adc9552e8f9afe"},
    {file = "winrt_Windows.Devices.Bluetooth.Advertisement-2.0.0b1-cp39-cp39-win32.whl", hash = "sha256:d171487e23f7671ad2923544bfa6545d0a29a1a9ae1f5c1d5e5e5f473a5d62b2"},
    {file = "winrt_Windows.Devices.Bluetooth.Advertisement-2.0.0b1-cp39-cp39-win_amd64.whl", hash = "sha256:442eecac87653a03617e65bdb2ef79ddc0582dfdacc2be8af841fba541577f8b"},
    {file = "winrt_Windows.Devices.Bluetooth.Advertisement-2.0.0b1-cp39-cp39-win_arm64.whl", hash = "sha256:b30ab9b8c1ecf818be08bac86bee425ef40f75060c4011d4e6c2e624a7b9916e"},
]

[package.dependencies]
winrt-runtime = "2.0.0-beta.1"

[package.extras]
all = ["winrt-Windows.Devices.Bluetooth[all] (==2.0.0-beta.1)", "winrt-Windows.Foundation.Collections[all] (==2.0.0-beta.1)", "winrt-Windows.Foundation[all] (==2.0.0-beta.1)", "winrt-Windows.Storage.Streams[all] (==2.0.0-beta.1)"]

[[package]]
name = "winrt-windows-devices-bluetooth-genericattributeprofile"
version = "2.0.0b1"
description = "Python projection of Windows Runtime (WinRT) APIs"
optional = false
python-versions = "<3.13,>=3.9"
files = [
    {file = "winrt-Windows.Devices.Bluetooth.GenericAttributeProfile-2.0.0b1.tar.gz", hash = "sha256:93b745d51ecfb3e9d3a21623165cc065735c9e0146cb7a26744182c164e63e14"},
    {file = "winrt_Windows.Devices.Bluetooth.GenericAttributeProfile-2.0.0b1-cp310-cp310-win32.whl", hash = "sha256:db740aaedd80cca5b1a390663b26c7733eb08f4c57ade6a04b055d548e9d042b"},
    {file = "winrt_Windows.Devices.Bluetooth.GenericAttributeProfile-2.0.0b1-cp310-cp310-win_amd64.whl", hash = "sha256:7c81aa6c066cdab58bcc539731f208960e094a6d48b59118898e1e804dbbdf7f"},
    {file = "winrt_Windows.Devices.Bluetooth.GenericAttributeProfile-2.0.0b1-cp310-cp310-win_arm64.whl", hash = "sha256:92277a6bbcbe2225ad1be92968af597dc77bc37a63cd729690d2d9fb5094ae25"},
    {file = "winrt_Windows.Devices.Bluetooth.GenericAttributeProfile-2.0.0b1-cp311-cp311-win32.whl", hash = "sha256:6b48209669c1e214165530793cf9916ae44a0ae2618a9be7a489e8c94f7e745f"},
    {file = "winrt_Windows.Devices.Bluetooth.GenericAttributeProfile-2.0.0b1-cp311-cp311-win_amd64.whl", hash = "sha256:2f17216e6ce748eaef02fb0658213515d3ff31e2dbb18f070a614876f818c90d"},
    {file = "winrt_Windows.Devices.Bluetooth.GenericAttributeProfile-2.0.0b1-cp311-cp311-win_arm64.whl", hash = "sha256:db798a0f0762e390da5a9f02f822daff00692bd951a492224bf46782713b2938"},
    {file = "winrt_Windows.Devices.Bluetooth.GenericAttributeProfile-2.0.0b1-cp312-cp312-win32.whl", hash = "sha256:b8d9dba04b9cfa53971c35117fc3c68c94bfa5e2ed18ce680f731743598bf246"},
    {file = "winrt_Windows.Devices.Bluetooth.GenericAttributeProfile-2.0.0b1-cp312-cp312-win_amd64.whl", hash = "sha256:e5260b3f33dee8a896604297e05efc04d04298329c205a74ded8e2d6333e84b7"},
    {file = "winrt_Windows.Devices.Bluetooth.GenericAttributeProfile-2.0.0b1-cp312-cp312-win_arm64.whl", hash = "sha256:822ef539389ecb546004345c4dce8b9b7788e2e99a1d6f0947a4b123dceb7fed"},
    {file = "winrt_Windows.Devices.Bluetooth.GenericAttributeProfile-2.0.0b1-cp39-cp39-win32.whl", hash = "sha256:11e6863e7a94d2b6dd76ddcd19c01e311895810a4ce6ad08c7b5534294753243"},
    {file = "winrt_Windows.Devices.Bluetooth.GenericAttributeProfile-2.0.0b1-cp39-cp39-win_amd64.whl", hash = "sha256:20de8d04c301c406362c93e78d41912aea0af23c4b430704aba329420d7c2cdf"},
    {file = "winrt_Windows.Devices.Bluetooth.GenericAttributeProfile-2.0.0b1-cp39-cp39-win_arm64.whl", hash = "sha256:918059796f2f123216163b928ecde8ecec17994fb7a94042af07fda82c132a6d"},
]

[package.dependencies]
winrt-runtime = "2.0.0-beta.1"

[package.extras]
all = ["winrt-Windows.Devices.Bluetooth[all] (==2.0.0-beta.1)", "winrt-Windows.Devices.Enumeration[all] (==2.0.0-beta.1)", "winrt-Windows.Foundation.Collections[all] (==2.0.0-beta.1)", "winrt-Windows.Foundation[all] (==2.0.0-beta.1)", "winrt-Windows.Storage.Streams[all] (==2.0.0-beta.1)"]

[[package]]
name = "winrt-windows-devices-enumeration"
version = "2.0.0b1"
description = "Python projection of Windows Runtime (WinRT) APIs"
optional = false
python-versions = "<3.13,>=3.9"
files = [
    {file = "winrt-Windows.Devices.Enumeration-2.0.0b1.tar.gz", hash = "sha256:8f214040e4edbe57c4943488887db89f4a00d028c34169aafd2205e228026100"},
    {file = "winrt_Windows.Devices.Enumeration-2.0.0b1-cp310-cp310-win32.whl", hash = "sha256:dcb9e7d230aefec8531a46d393ecb1063b9d4b97c9f3ff2fc537ce22bdfa2444"},
    {file = "winrt_Windows.Devices.Enumeration-2.0.0b1-cp310-cp310-win_amd64.whl", hash = "sha256:22a3e1fef40786cc8d51320b6f11ff25de6c674475f3ba608a46915e1dadf0f5"},
    {file = "winrt_Windows.Devices.Enumeration-2.0.0b1-cp310-cp310-win_arm64.whl", hash = "sha256:2edcfeb70a71d40622873cad96982a28e92a7ee71f33968212dd3598b2d8d469"},
    {file = "winrt_Windows.Devices.Enumeration-2.0.0b1-cp311-cp311-win32.whl", hash = "sha256:ce4eb88add7f5946d2666761a97a3bb04cac2a061d264f03229c1e15dbd7ce91"},
    {file = "winrt_Windows.Devices.Enumeration-2.0.0b1-cp311-cp311-win_amd64.whl", hash = "sha256:a9001f17991572abdddab7ab074e08046e74e05eeeaf3b2b01b8b47d2879b64c"},
    {file = "winrt_Windows.Devices.Enumeration-2.0.0b1-cp311-cp311-win_arm64.whl", hash = "sha256:0440b91ce144111e207f084cec6b1277162ef2df452d321951e989ce87dc9ced"},
    {file = "winrt_Windows.Devices.Enumeration-2.0.0b1-cp312-cp312-win32.whl", hash = "sha256:e4fae13126f13a8d9420b74fb5a5ff6a6b2f91f7718c4be2d4a8dc1337c58f59"},
    {file = "winrt_Windows.Devices.Enumeration-2.0.0b1-cp312-cp312-win_amd64.whl", hash = "sha256:e352eebc23dc94fb79e67a056c057fb0e16c20c8cb881dc826094c20ed4791e3"},
    {file = "winrt_Windows.Devices.Enumeration-2.0.0b1-cp312-cp312-win_arm64.whl", hash = "sha256:b43f5c1f053a170e6e4b44ba69838ac223f9051adca1a56506d4c46e98d1485f"},
    {file = "winrt_Windows.Devices.Enumeration-2.0.0b1-cp39-cp39-win32.whl", hash = "sha256:ed245fad8de6a134d5c3a630204e7f8238aa944a40388005bce0ce3718c410fa"},
    {file = "winrt_Windows.Devices.Enumeration-2.0.0b1-cp39-cp39-win_amd64.whl", hash = "sha256:22a9eefdbfe520778512266d0b48ff239eaa8d272fce6f5cb1ff352bed0619f4"},
    {file = "winrt_Windows.Devices.Enumeration-2.0.0b1-cp39-cp39-win_arm64.whl", hash = "sha256:397d43f8fd2621a7719b9eab6a4a8e72a1d6fa2d9c36525a30812f8e7bad3bdf"},
]

[package.dependencies]
winrt-runtime = "2.0.0-beta.1"

[package.extras]
all = ["winrt-Windows.ApplicationModel.Background[all] (==2.0.0-beta.1)", "winrt-Windows.Foundation.Collections[all] (==2.0.0-beta.1)", "winrt-Windows.Foundation[all] (==2.0.0-beta.1)", "winrt-Windows.Security.Credentials[all] (==2.0.0-beta.1)", "winrt-Windows.Storage.Streams[all] (==2.0.0-beta.1)", "winrt-Windows.UI.Popups[all] (==2.0.0-beta.1)", "winrt-Windows.UI[all] (==2.0.0-beta.1)"]

[[package]]
name = "winrt-windows-foundation"
version = "2.0.0b1"
description = "Python projection of Windows Runtime (WinRT) APIs"
optional = false
python-versions = "<3.13,>=3.9"
files = [
    {file = "winrt-Windows.Foundation-2.0.0b1.tar.gz", hash = "sha256:976b6da942747a7ca5a179a35729d8dc163f833e03b085cf940332a5e9070d54"},
    {file = "winrt_Windows.Foundation-2.0.0b1-cp310-cp310-win32.whl", hash = "sha256:5337ac1ec260132fbff868603e73a3738d4001911226e72669b3d69c8a256d5e"},
    {file = "winrt_Windows.Foundation-2.0.0b1-cp310-cp310-win_amd64.whl", hash = "sha256:af969e5bb9e2e41e4e86a361802528eafb5eb8fe87ec1dba6048c0702d63caa8"},
    {file = "winrt_Windows.Foundation-2.0.0b1-cp310-cp310-win_arm64.whl", hash = "sha256:bbbfa6b3c444a1074a630fd4a1b71171be7a5c9bb07c827ad9259fadaed56cf2"},
    {file = "winrt_Windows.Foundation-2.0.0b1-cp311-cp311-win32.whl", hash = "sha256:b91bd92b1854c073acd81aa87cf8df571d2151b1dd050b6181aa36f7acc43df4"},
    {file = "winrt_Windows.Foundation-2.0.0b1-cp311-cp311-win_amd64.whl", hash = "sha256:2f5359f25703347e827dbac982150354069030f1deecd616f7ce37ad90cbcb00"},
    {file = "winrt_Windows.Foundation-2.0.0b1-cp311-cp311-win_arm64.whl", hash = "sha256:0f1f1978173ddf0ee6262c2edb458f62d628b9fa0df10cd1e8c78c833af3197e"},
    {file = "winrt_Windows.Foundation-2.0.0b1-cp312-cp312-win32.whl", hash = "sha256:c1d23b737f733104b91c89c507b58d0b3ef5f3234a1b608ef6dfb6dbbb8777ea"},
    {file = "winrt_Windows.Foundation-2.0.0b1-cp312-cp312-win_amd64.whl", hash = "sha256:95de6c29e9083fe63f127b965b54dfa52a6424a93a94ce87cfad4c1900a6e887"},
    {file = "winrt_Windows.Foundation-2.0.0b1-cp312-cp312-win_arm64.whl", hash = "sha256:4707063a5a6980e3f71aebeea5ac93101c753ec13a0b47be9ea4dbc0d5ff361e"},
    {file = "winrt_Windows.Foundation-2.0.0b1-cp39-cp39-win32.whl", hash = "sha256:d0259f1f4a1b8e20d0cbd935a889c0f7234f720645590260f9cf3850fdc1e1fa"},
    {file = "winrt_Windows.Foundation-2.0.0b1-cp39-cp39-win_amd64.whl", hash = "sha256:15c7b324d0f59839fb4492d84bb1c870881c5c67cb94ac24c664a7c4dce1c475"},
    {file = "winrt_Windows.Foundation-2.0.0b1-cp39-cp39-win_arm64.whl", hash = "sha256:16ad741f4d38e99f8409ba5760299d0052003255f970f49f4b8ba2e0b609c8b7"},
]

[package.dependencies]
winrt-runtime = "2.0.0-beta.1"

[package.extras]
all = ["winrt-Windows.Foundation.Collections[all] (==2.0.0-beta.1)"]

[[package]]
name = "winrt-windows-foundation-collections"
version = "2.0.0b1"
description = "Python projection of Windows Runtime (WinRT) APIs"
optional = false
python-versions = "<3.13,>=3.9"
files = [
    {file = "winrt-Windows.Foundation.Collections-2.0.0b1.tar.gz", hash = "sha256:185d30f8103934124544a40aac005fa5918a9a7cb3179f45e9863bb86e22ad43"},
    {file = "winrt_Windows.Foundation.Collections-2.0.0b1-cp310-cp310-win32.whl", hash = "sha256:042142e916a170778b7154498aae61254a1a94c552954266b73479479d24f01d"},
    {file = "winrt_Windows.Foundation.Collections-2.0.0b1-cp310-cp310-win_amd64.whl", hash = "sha256:9f68e66055121fc1e04c4fda627834aceee6fbe922e77d6ccaecf9582e714c57"},
    {file = "winrt_Windows.Foundation.Collections-2.0.0b1-cp310-cp310-win_arm64.whl", hash = "sha256:a4609411263cc7f5e93a9a5677b21e2ef130e26f9030bfa960b3e82595324298"},
    {file = "winrt_Windows.Foundation.Collections-2.0.0b1-cp311-cp311-win32.whl", hash = "sha256:5296858aa44c53936460a119794b80eedd6bd094016c1bf96822f92cb95ea419"},
    {file = "winrt_Windows.Foundation.Collections-2.0.0b1-cp311-cp311-win_amd64.whl", hash = "sha256:3db1e1c80c97474e7c88b6052bd8982ca61723fd58ace11dc91a5522662e0b2a"},
    {file = "winrt_Windows.Foundation.Collections-2.0.0b1-cp311-cp311-win_arm64.whl", hash = "sha256:c3a594e660c59f9fab04ae2f40bda7c809e8ec4748bada4424dfb02b43d4bfe1"},
    {file = "winrt_Windows.Foundation.Collections-2.0.0b1-cp312-cp312-win32.whl", hash = "sha256:0f355ee943ec5b835e694d97e9e93545a42d6fb984a61f442467789550d62c3f"},
    {file = "winrt_Windows.Foundation.Collections-2.0.0b1-cp312-cp312-win_amd64.whl", hash = "sha256:c4a0cd2eb9f47c7ca3b66d12341cc822250bf26854a93fd58ab77f7a48dfab3a"},
    {file = "winrt_Windows.Foundation.Collections-2.0.0b1-cp312-cp312-win_arm64.whl", hash = "sha256:744dbef50e8b8f34904083cae9ad43ac6e28facb9e166c4f123ce8e758141067"},
    {file = "winrt_Windows.Foundation.Collections-2.0.0b1-cp39-cp39-win32.whl", hash = "sha256:b7c767184aec3a3d7cba2cd84fadcd68106854efabef1a61092052294d6d6f4f"},
    {file = "winrt_Windows.Foundation.Collections-2.0.0b1-cp39-cp39-win_amd64.whl", hash = "sha256:7c1ffe99c12f14fc4ab7027757780e6d850fa2fb23ec404a54311fbd9f1970d3"},
    {file = "winrt_Windows.Foundation.Collections-2.0.0b1-cp39-cp39-win_arm64.whl", hash = "sha256:870fa040ed36066e4c240c35973d8b2e0d7c38cc6050a42d993715ec9e3b748c"},
]

[package.dependencies]
winrt-runtime = "2.0.0-beta.1"

[package.extras]
all = ["winrt-Windows.Foundation[all] (==2.0.0-beta.1)"]

[[package]]
name = "winrt-windows-storage-streams"
version = "2.0.0b1"
description = "Python projection of Windows Runtime (WinRT) APIs"
optional = false
python-versions = "<3.13,>=3.9"
files = [
    {file = "winrt-Windows.Storage.Streams-2.0.0b1.tar.gz", hash = "sha256:029d67cdc9b092d56c682740fe3c42f267dc5d3346b5c0b12ebc03f38e7d2f1f"},
    {file = "winrt_Windows.Storage.Streams-2.0.0b1-cp310-cp310-win32.whl", hash = "sha256:49c90d4bfd539f6676226dfcb4b3574ddd6be528ffc44aa214c55af88c2de89e"},
    {file = "winrt_Windows.Storage.Streams-2.0.0b1-cp310-cp310-win_amd64.whl", hash = "sha256:22cc82779cada84aa2633841e25b33f3357737d912a1d9ecc1ee5a8b799b5171"},
    {file = "winrt_Windows.Storage.Streams-2.0.0b1-cp310-cp310-win_arm64.whl", hash = "sha256:b1750a111be32466f4f0781cbb5df195ac940690571dff4564492b921b162563"},
    {file = "winrt_Windows.Storage.Streams-2.0.0b1-cp311-cp311-win32.whl", hash = "sha256:e79b1183ab26d9b95cf3e6dbe3f488a40605174a5a112694dbb7dbfb50899daf"},
    {file = "winrt_Windows.Storage.Streams-2.0.0b1-cp311-cp311-win_amd64.whl", hash = "sha256:3e90a1207eb3076f051a7785132f7b056b37343a68e9481a50c6defb3f660099"},
    {file = "winrt_Windows.Storage.Streams-2.0.0b1-cp311-cp311-win_arm64.whl", hash = "sha256:4da06522b4fa9cfcc046b604cc4aa1c6a887cc4bb5b8a637ed9bff8028a860bb"},
    {file = "winrt_Windows.Storage.Streams-2.0.0b1-cp312-cp312-win32.whl", hash = "sha256:6f74f8ab8ac0d8de61c709043315361d8ac63f8144f3098d428472baadf8246a"},
    {file = "winrt_Windows.Storage.Streams-2.0.0b1-cp312-cp312-win_amd64.whl", hash = "sha256:5cf7c8d67836c60392d167bfe4f98ac7abcb691bfba2d19e322d0f9181f58347"},
    {file = "winrt_Windows.Storage.Streams-2.0.0b1-cp312-cp312-win_arm64.whl", hash = "sha256:f7f679f2c0f71791eca835856f57942ee5245094c1840a6c34bc7c2176b1bcd6"},
    {file = "winrt_Windows.Storage.Streams-2.0.0b1-cp39-cp39-win32.whl", hash = "sha256:5beb53429fa9a11ede56b4a7cefe28c774b352dd355f7951f2a4dd7e9ec9b39a"},
    {file = "winrt_Windows.Storage.Streams-2.0.0b1-cp39-cp39-win_amd64.whl", hash = "sha256:f84233c4b500279d8f5840cb8c47776bc040fcecba05c6c9ab9767053698fc8b"},
    {file = "winrt_Windows.Storage.Streams-2.0.0b1-cp39-cp39-win_arm64.whl", hash = "sha256:cfb163ddbb435906f75ef92a768573b0190e194e1438cea5a4c1d4d32a6b9386"},
]

[package.dependencies]
winrt-runtime = "2.0.0-beta.1"

[package.extras]
all = ["winrt-Windows.Foundation.Collections[all] (==2.0.0-beta.1)", "winrt-Windows.Foundation[all] (==2.0.0-beta.1)", "winrt-Windows.Storage[all] (==2.0.0-beta.1)", "winrt-Windows.System[all] (==2.0.0-beta.1)"]

[metadata]
lock-version = "2.0"
python-versions = ">=3.10,<3.13"
content-hash = "545a2490abbd9c6d99122677c4c8509b92691b51767011e5d017f56f5f7a3191"
